
Microsoft Visual Studio Solution File, Format Version 12.00
# Visual Studio 15
VisualStudioVersion = 15.0.28010.0
MinimumVisualStudioVersion = 10.0.40219.1
Project("{FAE04EC0-301F-11D3-BF4B-00C04F79EFBC}") = "eLibrarySystem", "eLibrarySystem\eLibrarySystem.csproj", "{85F3E73F-6287-4C56-858C-980B6CE57215}"
EndProject
Project("{FAE04EC0-301F-11D3-BF4B-00C04F79EFBC}") = "eLibrary.DAL", "eLibrary.DAL\eLibrary.DAL.csproj", "{95B05341-E4AF-48DE-872D-C1C80B700A6F}"
EndProject
Global
	GlobalSection(SolutionConfigurationPlatforms) = preSolution
		Debug|Any CPU = Debug|Any CPU
		Release|Any CPU = Release|Any CPU
	EndGlobalSection
	GlobalSection(ProjectConfigurationPlatforms) = postSolution
		{85F3E73F-6287-4C56-858C-980B6CE57215}.Debug|Any CPU.ActiveCfg = Debug|Any CPU
		{85F3E73F-6287-4C56-858C-980B6CE57215}.Debug|Any CPU.Build.0 = Debug|Any CPU
		{85F3E73F-6287-4C56-858C-980B6CE57215}.Release|Any CPU.ActiveCfg = Release|Any CPU
		{85F3E73F-6287-4C56-858C-980B6CE57215}.Release|Any CPU.Build.0 = Release|Any CPU
		{95B05341-E4AF-48DE-872D-C1C80B700A6F}.Debug|Any CPU.ActiveCfg = Debug|Any CPU
		{95B05341-E4AF-48DE-872D-C1C80B700A6F}.Debug|Any CPU.Build.0 = Debug|Any CPU
		{95B05341-E4AF-48DE-872D-C1C80B700A6F}.Release|Any CPU.ActiveCfg = Release|Any CPU
		{95B05341-E4AF-48DE-872D-C1C80B700A6F}.Release|Any CPU.Build.0 = Release|Any CPU
	EndGlobalSection
	GlobalSection(SolutionProperties) = preSolution
		HideSolutionNode = FALSE
	EndGlobalSection
	GlobalSection(ExtensibilityGlobals) = postSolution
		SolutionGuid = {3890B000-105F-4552-B20A-9FFAAF780C20}
	EndGlobalSection
EndGlobal
